// !$*UTF8*$!
{
	archiveVersion = 1;
	classes = {
	};
	objectVersion = 55;
	objects = {

/* Begin PBXBuildFile section */
		DAD3D45B27EBA9F500F49C95 /* Image_iOSApp.swift in Sources */ = {isa = PBXBuildFile; fileRef = DAD3D45A27EBA9F500F49C95 /* Image_iOSApp.swift */; };
		DAD3D45D27EBA9F500F49C95 /* ContentView.swift in Sources */ = {isa = PBXBuildFile; fileRef = DAD3D45C27EBA9F500F49C95 /* ContentView.swift */; };
		DAD3D45F27EBA9F600F49C95 /* Assets.xcassets in Resources */ = {isa = PBXBuildFile; fileRef = DAD3D45E27EBA9F600F49C95 /* Assets.xcassets */; };
		DAD3D46227EBA9F600F49C95 /* Preview Assets.xcassets in Resources */ = {isa = PBXBuildFile; fileRef = DAD3D46127EBA9F600F49C95 /* Preview Assets.xcassets */; };
		DAD3D46C27EBA9F600F49C95 /* Image_iOSTests.swift in Sources */ = {isa = PBXBuildFile; fileRef = DAD3D46B27EBA9F600F49C95 /* Image_iOSTests.swift */; };
		DAD3D47627EBA9F600F49C95 /* Image_iOSUITests.swift in Sources */ = {isa = PBXBuildFile; fileRef = DAD3D47527EBA9F600F49C95 /* Image_iOSUITests.swift */; };
		DAD3D47827EBA9F600F49C95 /* Image_iOSUITestsLaunchTests.swift in Sources */ = {isa = PBXBuildFile; fileRef = DAD3D47727EBA9F600F49C95 /* Image_iOSUITestsLaunchTests.swift */; };
/* End PBXBuildFile section */

/* Begin PBXContainerItemProxy section */
		DAD3D46827EBA9F600F49C95 /* PBXContainerItemProxy */ = {
			isa = PBXContainerItemProxy;
			containerPortal = DAD3D44F27EBA9F500F49C95 /* Project object */;
			proxyType = 1;
			remoteGlobalIDString = DAD3D45627EBA9F500F49C95;
			remoteInfo = Image_iOS;
		};
		DAD3D47227EBA9F600F49C95 /* PBXContainerItemProxy */ = {
			isa = PBXContainerItemProxy;
			containerPortal = DAD3D44F27EBA9F500F49C95 /* Project object */;
			proxyType = 1;
			remoteGlobalIDString = DAD3D45627EBA9F500F49C95;
			remoteInfo = Image_iOS;
		};
/* End PBXContainerItemProxy section */

/* Begin PBXFileReference section */
		DAD3D45727EBA9F500F49C95 /* Image_iOS.app */ = {isa = PBXFileReference; explicitFileType = wrapper.application; includeInIndex = 0; path = Image_iOS.app; sourceTree = BUILT_PRODUCTS_DIR; };
		DAD3D45A27EBA9F500F49C95 /* Image_iOSApp.swift */ = {isa = PBXFileReference; lastKnownFileType = sourcecode.swift; path = Image_iOSApp.swift; sourceTree = "<group>"; };
		DAD3D45C27EBA9F500F49C95 /* ContentView.swift */ = {isa = PBXFileReference; lastKnownFileType = sourcecode.swift; path = ContentView.swift; sourceTree = "<group>"; };
		DAD3D45E27EBA9F600F49C95 /* Assets.xcassets */ = {isa = PBXFileReference; lastKnownFileType = folder.assetcatalog; path = Assets.xcassets; sourceTree = "<group>"; };
		DAD3D46127EBA9F600F49C95 /* Preview Assets.xcassets */ = {isa = PBXFileReference; lastKnownFileType = folder.assetcatalog; path = "Preview Assets.xcassets"; sourceTree = "<group>"; };
		DAD3D46727EBA9F600F49C95 /* Image_iOSTests.xctest */ = {isa = PBXFileReference; explicitFileType = wrapper.cfbundle; includeInIndex = 0; path = Image_iOSTests.xctest; sourceTree = BUILT_PRODUCTS_DIR; };
		DAD3D46B27EBA9F600F49C95 /* Image_iOSTests.swift */ = {isa = PBXFileReference; lastKnownFileType = sourcecode.swift; path = Image_iOSTests.swift; sourceTree = "<group>"; };
		DAD3D47127EBA9F600F49C95 /* Image_iOSUITests.xctest */ = {isa = PBXFileReference; explicitFileType = wrapper.cfbundle; includeInIndex = 0; path = Image_iOSUITests.xctest; sourceTree = BUILT_PRODUCTS_DIR; };
		DAD3D47527EBA9F600F49C95 /* Image_iOSUITests.swift */ = {isa = PBXFileReference; lastKnownFileType = sourcecode.swift; path = Image_iOSUITests.swift; sourceTree = "<group>"; };
		DAD3D47727EBA9F600F49C95 /* Image_iOSUITestsLaunchTests.swift */ = {isa = PBXFileReference; lastKnownFileType = sourcecode.swift; path = Image_iOSUITestsLaunchTests.swift; sourceTree = "<group>"; };
/* End PBXFileReference section */

/* Begin PBXFrameworksBuildPhase section */
		DAD3D45427EBA9F500F49C95 /* Frameworks */ = {
			isa = PBXFrameworksBuildPhase;
			buildActionMask = 2147483647;
			files = (
			);
			runOnlyForDeploymentPostprocessing = 0;
		};
		DAD3D46427EBA9F600F49C95 /* Frameworks */ = {
			isa = PBXFrameworksBuildPhase;
			buildActionMask = 2147483647;
			files = (
			);
			runOnlyForDeploymentPostprocessing = 0;
		};
		DAD3D46E27EBA9F600F49C95 /* Frameworks */ = {
			isa = PBXFrameworksBuildPhase;
			buildActionMask = 2147483647;
			files = (
			);
			runOnlyForDeploymentPostprocessing = 0;
		};
/* End PBXFrameworksBuildPhase section */

/* Begin PBXGroup section */
		DAD3D44E27EBA9F500F49C95 = {
			isa = PBXGroup;
			children = (
				DAD3D45927EBA9F500F49C95 /* Image_iOS */,
				DAD3D46A27EBA9F600F49C95 /* Image_iOSTests */,
				DAD3D47427EBA9F600F49C95 /* Image_iOSUITests */,
				DAD3D45827EBA9F500F49C95 /* Products */,
			);
			sourceTree = "<group>";
		};
		DAD3D45827EBA9F500F49C95 /* Products */ = {
			isa = PBXGroup;
			children = (
				DAD3D45727EBA9F500F49C95 /* Image_iOS.app */,
				DAD3D46727EBA9F600F49C95 /* Image_iOSTests.xctest */,
				DAD3D47127EBA9F600F49C95 /* Image_iOSUITests.xctest */,
			);
			name = Products;
			sourceTree = "<group>";
		};
		DAD3D45927EBA9F500F49C95 /* Image_iOS */ = {
			isa = PBXGroup;
			children = (
				DAD3D45A27EBA9F500F49C95 /* Image_iOSApp.swift */,
				DAD3D45C27EBA9F500F49C95 /* ContentView.swift */,
				DAD3D45E27EBA9F600F49C95 /* Assets.xcassets */,
				DAD3D46027EBA9F600F49C95 /* Preview Content */,
			);
			path = Image_iOS;
			sourceTree = "<group>";
		};
		DAD3D46027EBA9F600F49C95 /* Preview Content */ = {
			isa = PBXGroup;
			children = (
				DAD3D46127EBA9F600F49C95 /* Preview Assets.xcassets */,
			);
			path = "Preview Content";
			sourceTree = "<group>";
		};
		DAD3D46A27EBA9F600F49C95 /* Image_iOSTests */ = {
			isa = PBXGroup;
			children = (
				DAD3D46B27EBA9F600F49C95 /* Image_iOSTests.swift */,
			);
			path = Image_iOSTests;
			sourceTree = "<group>";
		};
		DAD3D47427EBA9F600F49C95 /* Image_iOSUITests */ = {
			isa = PBXGroup;
			children = (
				DAD3D47527EBA9F600F49C95 /* Image_iOSUITests.swift */,
				DAD3D47727EBA9F600F49C95 /* Image_iOSUITestsLaunchTests.swift */,
			);
			path = Image_iOSUITests;
			sourceTree = "<group>";
		};
/* End PBXGroup section */

/* Begin PBXNativeTarget section */
		DAD3D45627EBA9F500F49C95 /* Image_iOS */ = {
			isa = PBXNativeTarget;
			buildConfigurationList = DAD3D47B27EBA9F600F49C95 /* Build configuration list for PBXNativeTarget "Image_iOS" */;
			buildPhases = (
				DAD3D45327EBA9F500F49C95 /* Sources */,
				DAD3D45427EBA9F500F49C95 /* Frameworks */,
				DAD3D45527EBA9F500F49C95 /* Resources */,
			);
			buildRules = (
			);
			dependencies = (
			);
			name = Image_iOS;
			productName = Image_iOS;
			productReference = DAD3D45727EBA9F500F49C95 /* Image_iOS.app */;
			productType = "com.apple.product-type.application";
		};
		DAD3D46627EBA9F600F49C95 /* Image_iOSTests */ = {
			isa = PBXNativeTarget;
			buildConfigurationList = DAD3D47E27EBA9F600F49C95 /* Build configuration list for PBXNativeTarget "Image_iOSTests" */;
			buildPhases = (
				DAD3D46327EBA9F600F49C95 /* Sources */,
				DAD3D46427EBA9F600F49C95 /* Frameworks */,
				DAD3D46527EBA9F600F49C95 /* Resources */,
			);
			buildRules = (
			);
			dependencies = (
				DAD3D46927EBA9F600F49C95 /* PBXTargetDependency */,
			);
			name = Image_iOSTests;
			productName = Image_iOSTests;
			productReference = DAD3D46727EBA9F600F49C95 /* Image_iOSTests.xctest */;
			productType = "com.apple.product-type.bundle.unit-test";
		};
		DAD3D47027EBA9F600F49C95 /* Image_iOSUITests */ = {
			isa = PBXNativeTarget;
			buildConfigurationList = DAD3D48127EBA9F600F49C95 /* Build configuration list for PBXNativeTarget "Image_iOSUITests" */;
			buildPhases = (
				DAD3D46D27EBA9F600F49C95 /* Sources */,
				DAD3D46E27EBA9F600F49C95 /* Frameworks */,
				DAD3D46F27EBA9F600F49C95 /* Resources */,
			);
			buildRules = (
			);
			dependencies = (
				DAD3D47327EBA9F600F49C95 /* PBXTargetDependency */,
			);
			name = Image_iOSUITests;
			productName = Image_iOSUITests;
			productReference = DAD3D47127EBA9F600F49C95 /* Image_iOSUITests.xctest */;
			productType = "com.apple.product-type.bundle.ui-testing";
		};
/* End PBXNativeTarget section */

/* Begin PBXProject section */
		DAD3D44F27EBA9F500F49C95 /* Project object */ = {
			isa = PBXProject;
			attributes = {
				BuildIndependentTargetsInParallel = 1;
				LastSwiftUpdateCheck = 1330;
				LastUpgradeCheck = 1330;
				TargetAttributes = {
					DAD3D45627EBA9F500F49C95 = {
						CreatedOnToolsVersion = 13.3;
					};
					DAD3D46627EBA9F600F49C95 = {
						CreatedOnToolsVersion = 13.3;
						TestTargetID = DAD3D45627EBA9F500F49C95;
					};
					DAD3D47027EBA9F600F49C95 = {
						CreatedOnToolsVersion = 13.3;
						TestTargetID = DAD3D45627EBA9F500F49C95;
					};
				};
			};
			buildConfigurationList = DAD3D45227EBA9F500F49C95 /* Build configuration list for PBXProject "Image_iOS" */;
			compatibilityVersion = "Xcode 13.0";
			developmentRegion = en;
			hasScannedForEncodings = 0;
			knownRegions = (
				en,
				Base,
			);
			mainGroup = DAD3D44E27EBA9F500F49C95;
			productRefGroup = DAD3D45827EBA9F500F49C95 /* Products */;
			projectDirPath = "";
			projectRoot = "";
			targets = (
				DAD3D45627EBA9F500F49C95 /* Image_iOS */,
				DAD3D46627EBA9F600F49C95 /* Image_iOSTests */,
				DAD3D47027EBA9F600F49C95 /* Image_iOSUITests */,
			);
		};
/* End PBXProject section */

/* Begin PBXResourcesBuildPhase section */
		DAD3D45527EBA9F500F49C95 /* Resources */ = {
			isa = PBXResourcesBuildPhase;
			buildActionMask = 2147483647;
			files = (
				DAD3D46227EBA9F600F49C95 /* Preview Assets.xcassets in Resources */,
				DAD3D45F27EBA9F600F49C95 /* Assets.xcassets in Resources */,
			);
			runOnlyForDeploymentPostprocessing = 0;
		};
		DAD3D46527EBA9F600F49C95 /* Resources */ = {
			isa = PBXResourcesBuildPhase;
			buildActionMask = 2147483647;
			files = (
			);
			runOnlyForDeploymentPostprocessing = 0;
		};
		DAD3D46F27EBA9F600F49C95 /* Resources */ = {
			isa = PBXResourcesBuildPhase;
			buildActionMask = 2147483647;
			files = (
			);
			runOnlyForDeploymentPostprocessing = 0;
		};
/* End PBXResourcesBuildPhase section */

/* Begin PBXSourcesBuildPhase section */
		DAD3D45327EBA9F500F49C95 /* Sources */ = {
			isa = PBXSourcesBuildPhase;
			buildActionMask = 2147483647;
			files = (
				DAD3D45D27EBA9F500F49C95 /* ContentView.swift in Sources */,
				DAD3D45B27EBA9F500F49C95 /* Image_iOSApp.swift in Sources */,
			);
			runOnlyForDeploymentPostprocessing = 0;
		};
		DAD3D46327EBA9F600F49C95 /* Sources */ = {
			isa = PBXSourcesBuildPhase;
			buildActionMask = 2147483647;
			files = (
				DAD3D46C27EBA9F600F49C95 /* Image_iOSTests.swift in Sources */,
			);
			runOnlyForDeploymentPostprocessing = 0;
		};
		DAD3D46D27EBA9F600F49C95 /* Sources */ = {
			isa = PBXSourcesBuildPhase;
			buildActionMask = 2147483647;
			files = (
				DAD3D47827EBA9F600F49C95 /* Image_iOSUITestsLaunchTests.swift in Sources */,
				DAD3D47627EBA9F600F49C95 /* Image_iOSUITests.swift in Sources */,
			);
			runOnlyForDeploymentPostprocessing = 0;
		};
/* End PBXSourcesBuildPhase section */

/* Begin PBXTargetDependency section */
		DAD3D46927EBA9F600F49C95 /* PBXTargetDependency */ = {
			isa = PBXTargetDependency;
			target = DAD3D45627EBA9F500F49C95 /* Image_iOS */;
			targetProxy = DAD3D46827EBA9F600F49C95 /* PBXContainerItemProxy */;
		};
		DAD3D47327EBA9F600F49C95 /* PBXTargetDependency */ = {
			isa = PBXTargetDependency;
			target = DAD3D45627EBA9F500F49C95 /* Image_iOS */;
			targetProxy = DAD3D47227EBA9F600F49C95 /* PBXContainerItemProxy */;
		};
/* End PBXTargetDependency section */

/* Begin XCBuildConfiguration section */
		DAD3D47927EBA9F600F49C95 /* Debug */ = {
			isa = XCBuildConfiguration;
			buildSettings = {
				ALWAYS_SEARCH_USER_PATHS = NO;
				CLANG_ANALYZER_NONNULL = YES;
				CLANG_ANALYZER_NUMBER_OBJECT_CONVERSION = YES_AGGRESSIVE;
				CLANG_CXX_LANGUAGE_STANDARD = "gnu++17";
				CLANG_ENABLE_MODULES = YES;
				CLANG_ENABLE_OBJC_ARC = YES;
				CLANG_ENABLE_OBJC_WEAK = YES;
				CLANG_WARN_BLOCK_CAPTURE_AUTORELEASING = YES;
				CLANG_WARN_BOOL_CONVERSION = YES;
				CLANG_WARN_COMMA = YES;
				CLANG_WARN_CONSTANT_CONVERSION = YES;
				CLANG_WARN_DEPRECATED_OBJC_IMPLEMENTATIONS = YES;
				CLANG_WARN_DIRECT_OBJC_ISA_USAGE = YES_ERROR;
				CLANG_WARN_DOCUMENTATION_COMMENTS = YES;
				CLANG_WARN_EMPTY_BODY = YES;
				CLANG_WARN_ENUM_CONVERSION = YES;
				CLANG_WARN_INFINITE_RECURSION = YES;
				CLANG_WARN_INT_CONVERSION = YES;
				CLANG_WARN_NON_LITERAL_NULL_CONVERSION = YES;
				CLANG_WARN_OBJC_IMPLICIT_RETAIN_SELF = YES;
				CLANG_WARN_OBJC_LITERAL_CONVERSION = YES;
				CLANG_WARN_OBJC_ROOT_CLASS = YES_ERROR;
				CLANG_WARN_QUOTED_INCLUDE_IN_FRAMEWORK_HEADER = YES;
				CLANG_WARN_RANGE_LOOP_ANALYSIS = YES;
				CLANG_WARN_STRICT_PROTOTYPES = YES;
				CLANG_WARN_SUSPICIOUS_MOVE = YES;
				CLANG_WARN_UNGUARDED_AVAILABILITY = YES_AGGRESSIVE;
				CLANG_WARN_UNREACHABLE_CODE = YES;
				CLANG_WARN__DUPLICATE_METHOD_MATCH = YES;
				COPY_PHASE_STRIP = NO;
				DEBUG_INFORMATION_FORMAT = dwarf;
				ENABLE_STRICT_OBJC_MSGSEND = YES;
				ENABLE_TESTABILITY = YES;
				GCC_C_LANGUAGE_STANDARD = gnu11;
				GCC_DYNAMIC_NO_PIC = NO;
				GCC_NO_COMMON_BLOCKS = YES;
				GCC_OPTIMIZATION_LEVEL = 0;
				GCC_PREPROCESSOR_DEFINITIONS = (
					"DEBUG=1",
					"$(inherited)",
				);
				GCC_WARN_64_TO_32_BIT_CONVERSION = YES;
				GCC_WARN_ABOUT_RETURN_TYPE = YES_ERROR;
				GCC_WARN_UNDECLARED_SELECTOR = YES;
				GCC_WARN_UNINITIALIZED_AUTOS = YES_AGGRESSIVE;
				GCC_WARN_UNUSED_FUNCTION = YES;
				GCC_WARN_UNUSED_VARIABLE = YES;
				IPHONEOS_DEPLOYMENT_TARGET = 15.4;
				MTL_ENABLE_DEBUG_INFO = INCLUDE_SOURCE;
				MTL_FAST_MATH = YES;
				ONLY_ACTIVE_ARCH = YES;
				SDKROOT = iphoneos;
				SWIFT_ACTIVE_COMPILATION_CONDITIONS = DEBUG;
				SWIFT_OPTIMIZATION_LEVEL = "-Onone";
			};
			name = Debug;
		};
		DAD3D47A27EBA9F600F49C95 /* Release */ = {
			isa = XCBuildConfiguration;
			buildSettings = {
				ALWAYS_SEARCH_USER_PATHS = NO;
				CLANG_ANALYZER_NONNULL = YES;
				CLANG_ANALYZER_NUMBER_OBJECT_CONVERSION = YES_AGGRESSIVE;
				CLANG_CXX_LANGUAGE_STANDARD = "gnu++17";
				CLANG_ENABLE_MODULES = YES;
				CLANG_ENABLE_OBJC_ARC = YES;
				CLANG_ENABLE_OBJC_WEAK = YES;
				CLANG_WARN_BLOCK_CAPTURE_AUTORELEASING = YES;
				CLANG_WARN_BOOL_CONVERSION = YES;
				CLANG_WARN_COMMA = YES;
				CLANG_WARN_CONSTANT_CONVERSION = YES;
				CLANG_WARN_DEPRECATED_OBJC_IMPLEMENTATIONS = YES;
				CLANG_WARN_DIRECT_OBJC_ISA_USAGE = YES_ERROR;
				CLANG_WARN_DOCUMENTATION_COMMENTS = YES;
				CLANG_WARN_EMPTY_BODY = YES;
				CLANG_WARN_ENUM_CONVERSION = YES;
				CLANG_WARN_INFINITE_RECURSION = YES;
				CLANG_WARN_INT_CONVERSION = YES;
				CLANG_WARN_NON_LITERAL_NULL_CONVERSION = YES;
				CLANG_WARN_OBJC_IMPLICIT_RETAIN_SELF = YES;
				CLANG_WARN_OBJC_LITERAL_CONVERSION = YES;
				CLANG_WARN_OBJC_ROOT_CLASS = YES_ERROR;
				CLANG_WARN_QUOTED_INCLUDE_IN_FRAMEWORK_HEADER = YES;
				CLANG_WARN_RANGE_LOOP_ANALYSIS = YES;
				CLANG_WARN_STRICT_PROTOTYPES = YES;
				CLANG_WARN_SUSPICIOUS_MOVE = YES;
				CLANG_WARN_UNGUARDED_AVAILABILITY = YES_AGGRESSIVE;
				CLANG_WARN_UNREACHABLE_CODE = YES;
				CLANG_WARN__DUPLICATE_METHOD_MATCH = YES;
				COPY_PHASE_STRIP = NO;
				DEBUG_INFORMATION_FORMAT = "dwarf-with-dsym";
				ENABLE_NS_ASSERTIONS = NO;
				ENABLE_STRICT_OBJC_MSGSEND = YES;
				GCC_C_LANGUAGE_STANDARD = gnu11;
				GCC_NO_COMMON_BLOCKS = YES;
				GCC_WARN_64_TO_32_BIT_CONVERSION = YES;
				GCC_WARN_ABOUT_RETURN_TYPE = YES_ERROR;
				GCC_WARN_UNDECLARED_SELECTOR = YES;
				GCC_WARN_UNINITIALIZED_AUTOS = YES_AGGRESSIVE;
				GCC_WARN_UNUSED_FUNCTION = YES;
				GCC_WARN_UNUSED_VARIABLE = YES;
				IPHONEOS_DEPLOYMENT_TARGET = 15.4;
				MTL_ENABLE_DEBUG_INFO = NO;
				MTL_FAST_MATH = YES;
				SDKROOT = iphoneos;
				SWIFT_COMPILATION_MODE = wholemodule;
				SWIFT_OPTIMIZATION_LEVEL = "-O";
				VALIDATE_PRODUCT = YES;
			};
			name = Release;
		};
		DAD3D47C27EBA9F600F49C95 /* Debug */ = {
			isa = XCBuildConfiguration;
			buildSettings = {
				ASSETCATALOG_COMPILER_APPICON_NAME = AppIcon;
				ASSETCATALOG_COMPILER_GLOBAL_ACCENT_COLOR_NAME = AccentColor;
				CODE_SIGN_STYLE = Automatic;
				CURRENT_PROJECT_VERSION = 1;
				DEVELOPMENT_ASSET_PATHS = "\"Image_iOS/Preview Content\"";
				DEVELOPMENT_TEAM = 8D7986P426;
				ENABLE_PREVIEWS = YES;
				GENERATE_INFOPLIST_FILE = YES;
				INFOPLIST_KEY_UIApplicationSceneManifest_Generation = YES;
				INFOPLIST_KEY_UIApplicationSupportsIndirectInputEvents = YES;
				INFOPLIST_KEY_UILaunchScreen_Generation = YES;
				INFOPLIST_KEY_UISupportedInterfaceOrientations_iPad = "UIInterfaceOrientationPortrait UIInterfaceOrientationPortraitUpsideDown UIInterfaceOrientationLandscapeLeft UIInterfaceOrientationLandscapeRight";
				INFOPLIST_KEY_UISupportedInterfaceOrientations_iPhone = "UIInterfaceOrientationPortrait UIInterfaceOrientationLandscapeLeft UIInterfaceOrientationLandscapeRight";
				LD_RUNPATH_SEARCH_PATHS = (
					"$(inherited)",
					"@executable_path/Frameworks",
				);
				MARKETING_VERSION = 1.0;
				PRODUCT_BUNDLE_IDENTIFIER = "subrota.shuvro.Image-iOS";
				PRODUCT_NAME = "$(TARGET_NAME)";
				SWIFT_EMIT_LOC_STRINGS = YES;
				SWIFT_VERSION = 5.0;
				TARGETED_DEVICE_FAMILY = "1,2";
			};
			name = Debug;
		};
		DAD3D47D27EBA9F600F49C95 /* Release */ = {
			isa = XCBuildConfiguration;
			buildSettings = {
				ASSETCATALOG_COMPILER_APPICON_NAME = AppIcon;
				ASSETCATALOG_COMPILER_GLOBAL_ACCENT_COLOR_NAME = AccentColor;
				CODE_SIGN_STYLE = Automatic;
				CURRENT_PROJECT_VERSION = 1;
				DEVELOPMENT_ASSET_PATHS = "\"Image_iOS/Preview Content\"";
				DEVELOPMENT_TEAM = 8D7986P426;
				ENABLE_PREVIEWS = YES;
				GENERATE_INFOPLIST_FILE = YES;
				INFOPLIST_KEY_UIApplicationSceneManifest_Generation = YES;
				INFOPLIST_KEY_UIApplicationSupportsIndirectInputEvents = YES;
				INFOPLIST_KEY_UILaunchScreen_Generation = YES;
				INFOPLIST_KEY_UISupportedInterfaceOrientations_iPad = "UIInterfaceOrientationPortrait UIInterfaceOrientationPortraitUpsideDown UIInterfaceOrientationLandscapeLeft UIInterfaceOrientationLandscapeRight";
				INFOPLIST_KEY_UISupportedInterfaceOrientations_iPhone = "UIInterfaceOrientationPortrait UIInterfaceOrientationLandscapeLeft UIInterfaceOrientationLandscapeRight";
				LD_RUNPATH_SEARCH_PATHS = (
					"$(inherited)",
					"@executable_path/Frameworks",
				);
				MARKETING_VERSION = 1.0;
				PRODUCT_BUNDLE_IDENTIFIER = "subrota.shuvro.Image-iOS";
				PRODUCT_NAME = "$(TARGET_NAME)";
				SWIFT_EMIT_LOC_STRINGS = YES;
				SWIFT_VERSION = 5.0;
				TARGETED_DEVICE_FAMILY = "1,2";
			};
			name = Release;
		};
		DAD3D47F27EBA9F600F49C95 /* Debug */ = {
			isa = XCBuildConfiguration;
			buildSettings = {
				ALWAYS_EMBED_SWIFT_STANDARD_LIBRARIES = YES;
				BUNDLE_LOADER = "$(TEST_HOST)";
				CODE_SIGN_STYLE = Automatic;
				CURRENT_PROJECT_VERSION = 1;
				DEVELOPMENT_TEAM = 8D7986P426;
				GENERATE_INFOPLIST_FILE = YES;
				IPHONEOS_DEPLOYMENT_TARGET = 15.4;
				MARKETING_VERSION = 1.0;
				PRODUCT_BUNDLE_IDENTIFIER = "subrota.shuvro.Image-iOSTests";
				PRODUCT_NAME = "$(TARGET_NAME)";
				SWIFT_EMIT_LOC_STRINGS = NO;
				SWIFT_VERSION = 5.0;
				TARGETED_DEVICE_FAMILY = "1,2";
				TEST_HOST = "$(BUILT_PRODUCTS_DIR)/Image_iOS.app/Image_iOS";
			};
			name = Debug;
		};
		DAD3D48027EBA9F600F49C95 /* Release */ = {
			isa = XCBuildConfiguration;
			buildSettings = {
				ALWAYS_EMBED_SWIFT_STANDARD_LIBRARIES = YES;
				BUNDLE_LOADER = "$(TEST_HOST)";
				CODE_SIGN_STYLE = Automatic;
				CURRENT_PROJECT_VERSION = 1;
				DEVELOPMENT_TEAM = 8D7986P426;
				GENERATE_INFOPLIST_FILE = YES;
				IPHONEOS_DEPLOYMENT_TARGET = 15.4;
				MARKETING_VERSION = 1.0;
				PRODUCT_BUNDLE_IDENTIFIER = "subrota.shuvro.Image-iOSTests";
				PRODUCT_NAME = "$(TARGET_NAME)";
				SWIFT_EMIT_LOC_STRINGS = NO;
				SWIFT_VERSION = 5.0;
				TARGETED_DEVICE_FAMILY = "1,2";
				TEST_HOST = "$(BUILT_PRODUCTS_DIR)/Image_iOS.app/Image_iOS";
			};
			name = Release;
		};
		DAD3D48227EBA9F600F49C95 /* Debug */ = {
			isa = XCBuildConfiguration;
			buildSettings = {
				ALWAYS_EMBED_SWIFT_STANDARD_LIBRARIES = YES;
				CODE_SIGN_STYLE = Automatic;
				CURRENT_PROJECT_VERSION = 1;
				DEVELOPMENT_TEAM = 8D7986P426;
				GENERATE_INFOPLIST_FILE = YES;
				MARKETING_VERSION = 1.0;
				PRODUCT_BUNDLE_IDENTIFIER = "subrota.shuvro.Image-iOSUITests";
				PRODUCT_NAME = "$(TARGET_NAME)";
				SWIFT_EMIT_LOC_STRINGS = NO;
				SWIFT_VERSION = 5.0;
				TARGETED_DEVICE_FAMILY = "1,2";
				TEST_TARGET_NAME = Image_iOS;
			};
			name = Debug;
		};
		DAD3D48327EBA9F600F49C95 /* Release */ = {
			isa = XCBuildConfiguration;
			buildSettings = {
				ALWAYS_EMBED_SWIFT_STANDARD_LIBRARIES = YES;
				CODE_SIGN_STYLE = Automatic;
				CURRENT_PROJECT_VERSION = 1;
				DEVELOPMENT_TEAM = 8D7986P426;
				GENERATE_INFOPLIST_FILE = YES;
				MARKETING_VERSION = 1.0;
				PRODUCT_BUNDLE_IDENTIFIER = "subrota.shuvro.Image-iOSUITests";
				PRODUCT_NAME = "$(TARGET_NAME)";
				SWIFT_EMIT_LOC_STRINGS = NO;
				SWIFT_VERSION = 5.0;
				TARGETED_DEVICE_FAMILY = "1,2";
				TEST_TARGET_NAME = Image_iOS;
			};
			name = Release;
		};
/* End XCBuildConfiguration section */

/* Begin XCConfigurationList section */
		DAD3D45227EBA9F500F49C95 /* Build configuration list for PBXProject "Image_iOS" */ = {
			isa = XCConfigurationList;
			buildConfigurations = (
				DAD3D47927EBA9F600F49C95 /* Debug */,
				DAD3D47A27EBA9F600F49C95 /* Release */,
			);
			defaultConfigurationIsVisible = 0;
			defaultConfigurationName = Release;
		};
		DAD3D47B27EBA9F600F49C95 /* Build configuration list for PBXNativeTarget "Image_iOS" */ = {
			isa = XCConfigurationList;
			buildConfigurations = (
				DAD3D47C27EBA9F600F49C95 /* Debug */,
				DAD3D47D27EBA9F600F49C95 /* Release */,
			);
			defaultConfigurationIsVisible = 0;
			defaultConfigurationName = Release;
		};
		DAD3D47E27EBA9F600F49C95 /* Build configuration list for PBXNativeTarget "Image_iOSTests" */ = {
			isa = XCConfigurationList;
			buildConfigurations = (
				DAD3D47F27EBA9F600F49C95 /* Debug */,
				DAD3D48027EBA9F600F49C95 /* Release */,
			);
			defaultConfigurationIsVisible = 0;
			defaultConfigurationName = Release;
		};
		DAD3D48127EBA9F600F49C95 /* Build configuration list for PBXNativeTarget "Image_iOSUITests" */ = {
			isa = XCConfigurationList;
			buildConfigurations = (
				DAD3D48227EBA9F600F49C95 /* Debug */,
				DAD3D48327EBA9F600F49C95 /* Release */,
			);
			defaultConfigurationIsVisible = 0;
			defaultConfigurationName = Release;
		};
/* End XCConfigurationList section */
	};
	rootObject = DAD3D44F27EBA9F500F49C95 /* Project object */;
}
